
Microsoft Visual Studio Solution File, Format Version 12.00
# Visual Studio Version 17
VisualStudioVersion = 17.0.31903.59
MinimumVisualStudioVersion = 10.0.40219.1
Project("{9A19103F-16F7-4668-BE54-9A1E7A4F7556}") = "ClientApp", "ClientApp\ClientApp.csproj", "{17C33A7E-CA03-4853-A585-7366601E4AB2}"
EndProject
Project("{9A19103F-16F7-4668-BE54-9A1E7A4F7556}") = "ServerApp", "ServerApp\ServerApp.csproj", "{A45C4601-82C7-4EB6-8707-760517348C53}"
EndProject
Project("{9A19103F-16F7-4668-BE54-9A1E7A4F7556}") = "Shared", "Shared\Shared.csproj", "{413055B4-D40A-489C-B21D-FAD0F9C88888}"
EndProject
Global
	GlobalSection(SolutionConfigurationPlatforms) = preSolution
		Debug|Any CPU = Debug|Any CPU
		Release|Any CPU = Release|Any CPU
	EndGlobalSection
	GlobalSection(ProjectConfigurationPlatforms) = postSolution
		{17C33A7E-CA03-4853-A585-7366601E4AB2}.Debug|Any CPU.ActiveCfg = Debug|Any CPU
		{17C33A7E-CA03-4853-A585-7366601E4AB2}.Debug|Any CPU.Build.0 = Debug|Any CPU
		{17C33A7E-CA03-4853-A585-7366601E4AB2}.Release|Any CPU.ActiveCfg = Release|Any CPU
		{17C33A7E-CA03-4853-A585-7366601E4AB2}.Release|Any CPU.Build.0 = Release|Any CPU
		{A45C4601-82C7-4EB6-8707-760517348C53}.Debug|Any CPU.ActiveCfg = Debug|Any CPU
		{A45C4601-82C7-4EB6-8707-760517348C53}.Debug|Any CPU.Build.0 = Debug|Any CPU
		{A45C4601-82C7-4EB6-8707-760517348C53}.Release|Any CPU.ActiveCfg = Release|Any CPU
		{A45C4601-82C7-4EB6-8707-760517348C53}.Release|Any CPU.Build.0 = Release|Any CPU
		{413055B4-D40A-489C-B21D-FAD0F9C88888}.Debug|Any CPU.ActiveCfg = Debug|Any CPU
		{413055B4-D40A-489C-B21D-FAD0F9C88888}.Debug|Any CPU.Build.0 = Debug|Any CPU
		{413055B4-D40A-489C-B21D-FAD0F9C88888}.Release|Any CPU.ActiveCfg = Release|Any CPU
		{413055B4-D40A-489C-B21D-FAD0F9C88888}.Release|Any CPU.Build.0 = Release|Any CPU
	EndGlobalSection
	GlobalSection(SolutionProperties) = preSolution
		HideSolutionNode = FALSE
	EndGlobalSection
	GlobalSection(ExtensibilityGlobals) = postSolution
		SolutionGuid = {22A959E3-B49B-4C91-8233-FBB0CC6DA2DC}
	EndGlobalSection
EndGlobal
